
Microsoft Visual Studio Solution File, Format Version 12.00
# Visual Studio Version 17
VisualStudioVersion = 17.6.33815.320
MinimumVisualStudioVersion = 10.0.40219.1
Project("{FAE04EC0-301F-11D3-BF4B-00C04F79EFBC}") = "BlazorApp1.Server", "BlazorApp1\Server\BlazorApp1.Server.csproj", "{42490D33-F654-454F-9290-BC1E96AE7169}"
EndProject
Project("{FAE04EC0-301F-11D3-BF4B-00C04F79EFBC}") = "BlazorApp1.Client", "BlazorApp1\Client\BlazorApp1.Client.csproj", "{98E1E2CF-70A9-428C-AFB8-DBFABB8E24FC}"
EndProject
Project("{FAE04EC0-301F-11D3-BF4B-00C04F79EFBC}") = "BlazorApp1.Shared", "BlazorApp1\Shared\BlazorApp1.Shared.csproj", "{9E327251-02EC-4FC0-9F91-2CD30DD86D0D}"
EndProject
Global
	GlobalSection(SolutionConfigurationPlatforms) = preSolution
		Debug|Any CPU = Debug|Any CPU
		Release|Any CPU = Release|Any CPU
	EndGlobalSection
	GlobalSection(ProjectConfigurationPlatforms) = postSolution
		{42490D33-F654-454F-9290-BC1E96AE7169}.Debug|Any CPU.ActiveCfg = Debug|Any CPU
		{42490D33-F654-454F-9290-BC1E96AE7169}.Debug|Any CPU.Build.0 = Debug|Any CPU
		{42490D33-F654-454F-9290-BC1E96AE7169}.Release|Any CPU.ActiveCfg = Release|Any CPU
		{42490D33-F654-454F-9290-BC1E96AE7169}.Release|Any CPU.Build.0 = Release|Any CPU
		{98E1E2CF-70A9-428C-AFB8-DBFABB8E24FC}.Debug|Any CPU.ActiveCfg = Debug|Any CPU
		{98E1E2CF-70A9-428C-AFB8-DBFABB8E24FC}.Debug|Any CPU.Build.0 = Debug|Any CPU
		{98E1E2CF-70A9-428C-AFB8-DBFABB8E24FC}.Release|Any CPU.ActiveCfg = Release|Any CPU
		{98E1E2CF-70A9-428C-AFB8-DBFABB8E24FC}.Release|Any CPU.Build.0 = Release|Any CPU
		{9E327251-02EC-4FC0-9F91-2CD30DD86D0D}.Debug|Any CPU.ActiveCfg = Debug|Any CPU
		{9E327251-02EC-4FC0-9F91-2CD30DD86D0D}.Debug|Any CPU.Build.0 = Debug|Any CPU
		{9E327251-02EC-4FC0-9F91-2CD30DD86D0D}.Release|Any CPU.ActiveCfg = Release|Any CPU
		{9E327251-02EC-4FC0-9F91-2CD30DD86D0D}.Release|Any CPU.Build.0 = Release|Any CPU
	EndGlobalSection
	GlobalSection(SolutionProperties) = preSolution
		HideSolutionNode = FALSE
	EndGlobalSection
	GlobalSection(ExtensibilityGlobals) = postSolution
		SolutionGuid = {6AFF553A-4340-4ACC-906C-5DE9EBA87302}
	EndGlobalSection
EndGlobal
